
Microsoft Visual Studio Solution File, Format Version 12.00
# Visual Studio Express 2013 for Web
VisualStudioVersion = 12.0.30723.0
MinimumVisualStudioVersion = 10.0.40219.1
Project("{FAE04EC0-301F-11D3-BF4B-00C04F79EFBC}") = "Tasking.Api", "Tasking.Api\Tasking.Api.csproj", "{99B5A968-C956-49EC-9491-F8D780B3179D}"
EndProject
Project("{FAE04EC0-301F-11D3-BF4B-00C04F79EFBC}") = "Tasking.Web", "Tasking.Web\Tasking.Web.csproj", "{690A23B2-93BF-406E-93AC-55DD27EEB91C}"
EndProject
Global
	GlobalSection(SolutionConfigurationPlatforms) = preSolution
		Debug|Any CPU = Debug|Any CPU
		Release|Any CPU = Release|Any CPU
	EndGlobalSection
	GlobalSection(ProjectConfigurationPlatforms) = postSolution
		{99B5A968-C956-49EC-9491-F8D780B3179D}.Debug|Any CPU.ActiveCfg = Debug|Any CPU
		{99B5A968-C956-49EC-9491-F8D780B3179D}.Debug|Any CPU.Build.0 = Debug|Any CPU
		{99B5A968-C956-49EC-9491-F8D780B3179D}.Release|Any CPU.ActiveCfg = Release|Any CPU
		{99B5A968-C956-49EC-9491-F8D780B3179D}.Release|Any CPU.Build.0 = Release|Any CPU
		{690A23B2-93BF-406E-93AC-55DD27EEB91C}.Debug|Any CPU.ActiveCfg = Debug|Any CPU
		{690A23B2-93BF-406E-93AC-55DD27EEB91C}.Debug|Any CPU.Build.0 = Debug|Any CPU
		{690A23B2-93BF-406E-93AC-55DD27EEB91C}.Release|Any CPU.ActiveCfg = Release|Any CPU
		{690A23B2-93BF-406E-93AC-55DD27EEB91C}.Release|Any CPU.Build.0 = Release|Any CPU
	EndGlobalSection
	GlobalSection(SolutionProperties) = preSolution
		HideSolutionNode = FALSE
	EndGlobalSection
EndGlobal
